
Microsoft Visual Studio Solution File, Format Version 12.00
# Visual Studio 2012
Project("{FAE04EC0-301F-11D3-BF4B-00C04F79EFBC}") = "ksp-mod-debug-utils", "ksp-mod-debug-utils.csproj", "{71A788A7-18C2-48AA-87F5-F58FCAB248EF}"
EndProject
Global
	GlobalSection(SolutionConfigurationPlatforms) = preSolution
		Debug|Any CPU = Debug|Any CPU
		Release|Any CPU = Release|Any CPU
	EndGlobalSection
	GlobalSection(ProjectConfigurationPlatforms) = postSolution
		{71A788A7-18C2-48AA-87F5-F58FCAB248EF}.Debug|Any CPU.ActiveCfg = Debug|Any CPU
		{71A788A7-18C2-48AA-87F5-F58FCAB248EF}.Debug|Any CPU.Build.0 = Debug|Any CPU
		{71A788A7-18C2-48AA-87F5-F58FCAB248EF}.Release|Any CPU.ActiveCfg = Release|Any CPU
		{71A788A7-18C2-48AA-87F5-F58FCAB248EF}.Release|Any CPU.Build.0 = Release|Any CPU
	EndGlobalSection
	GlobalSection(SolutionProperties) = preSolution
		HideSolutionNode = FALSE
	EndGlobalSection
EndGlobal
